<?xml version="1.0" encoding="utf-8"?>
<Project ToolsVersion="4.0" xmlns="http://schemas.microsoft.com/developer/msbuild/2003">
  <ItemGroup>
    <Filter Include="ThirdPartylib">
      <UniqueIdentifier>{b186e410-f2ef-48df-9094-f14b23b67037}</UniqueIdentifier>
    </Filter>
    <Filter Include="Include">
      <UniqueIdentifier>{93995380-89BD-4b04-88EB-625FBE52EBFB}</UniqueIdentifier>
      <Extensions>h;hh;hpp;hxx;hm;inl;inc;ipp;xsd</Extensions>
    </Filter>
    <Filter Include="Framework">
      <UniqueIdentifier>{4FC737F1-C7A5-4376-A066-2A32D752A2FF}</UniqueIdentifier>
      <Extensions>cpp;c;cc;cxx;def;odl;idl;hpj;bat;asm;asmx</Extensions>
    </Filter>
    <Filter Include="Utility">
      <UniqueIdentifier>{82e9360f-07fa-41de-a2a4-ea305326fcde}</UniqueIdentifier>
    </Filter>
    <Filter Include="Sence">
      <UniqueIdentifier>{585b8c6c-fc1d-438f-9d98-e1764581efc1}</UniqueIdentifier>
    </Filter>
    <Filter Include="Object">
      <UniqueIdentifier>{834c467b-4368-43e5-b14a-69bdf0528929}</UniqueIdentifier>
    </Filter>
    <Filter Include="ThirdPartylib\glm">
      <UniqueIdentifier>{61b0a414-da8f-4ac5-bac5-e65bc30efd86}</UniqueIdentifier>
    </Filter>
    <Filter Include="ThirdPartylib\glm\detil">
      <UniqueIdentifier>{c8bbb5c6-179d-4a46-94bd-1c7cfefd7473}</UniqueIdentifier>
    </Filter>
    <Filter Include="Utility\glmath">
      <UniqueIdentifier>{1e193dfd-c6a8-4821-a38f-3f9bde004a1e}</UniqueIdentifier>
    </Filter>
    <Filter Include="Utility\glmath\vec">
      <UniqueIdentifier>{f4743de1-3632-4589-aab6-56f386d48c2f}</UniqueIdentifier>
    </Filter>
    <Filter Include="Utility\glmath\matrix">
      <UniqueIdentifier>{684a358c-07fd-4a11-a790-b59ad81f8ec6}</UniqueIdentifier>
    </Filter>
    <Filter Include="Camera">
      <UniqueIdentifier>{c3623f07-b12f-49e0-9e9e-bf7c00009b5c}</UniqueIdentifier>
    </Filter>
    <Filter Include="Utility\structs">
      <UniqueIdentifier>{59271b16-84e3-49f8-8b4b-1737b4397521}</UniqueIdentifier>
    </Filter>
    <Filter Include="Object\Attribute">
      <UniqueIdentifier>{e7e6f3db-6ef6-4633-914e-f4f1a9964df1}</UniqueIdentifier>
    </Filter>
    <Filter Include="Object\Node">
      <UniqueIdentifier>{a5f2e6a9-e56b-4aa9-90af-db79390f97ca}</UniqueIdentifier>
    </Filter>
    <Filter Include="Object\Node\Sprite">
      <UniqueIdentifier>{f61d1b39-0442-426c-b41b-4553494bdd2f}</UniqueIdentifier>
    </Filter>
    <Filter Include="Object\Node\Square">
      <UniqueIdentifier>{4415fec4-ff49-4069-9ed4-d6cc262be793}</UniqueIdentifier>
    </Filter>
    <Filter Include="Object\Node\Triangle">
      <UniqueIdentifier>{80a366b0-dd3a-42cf-8c49-9e85c171ae78}</UniqueIdentifier>
    </Filter>
    <Filter Include="Object\Node\Cube">
      <UniqueIdentifier>{6ea0df90-55fd-42ed-bce3-3eaaa798f335}</UniqueIdentifier>
    </Filter>
    <Filter Include="Object\Node\Base">
      <UniqueIdentifier>{310e7dfe-c6c1-4427-b1ad-85924be5b09a}</UniqueIdentifier>
    </Filter>
    <Filter Include="Object\Attribute\objectAttribute">
      <UniqueIdentifier>{98edadd2-f788-41b1-92fc-af217389aeac}</UniqueIdentifier>
    </Filter>
    <Filter Include="Object\Attribute\extratAttribute">
      <UniqueIdentifier>{14701e4f-9a31-4e5b-8072-26f0f89ad053}</UniqueIdentifier>
    </Filter>
    <Filter Include="Object\Attribute\extratAttribute\Material">
      <UniqueIdentifier>{6ae1721e-1bec-4ba3-b9f7-876bd1d4e67d}</UniqueIdentifier>
    </Filter>
    <Filter Include="Object\Attribute\objectAttribute\Transform">
      <UniqueIdentifier>{8640c02e-c004-47af-a0e3-f226db9ba57f}</UniqueIdentifier>
    </Filter>
    <Filter Include="Object\Attribute\objectAttribute\Vertex">
      <UniqueIdentifier>{e1546f3f-a3fe-47c4-99c3-3f44598f54b3}</UniqueIdentifier>
    </Filter>
    <Filter Include="Object\Node\Decorator">
      <UniqueIdentifier>{7766f4ee-c80c-44ea-b7b2-ec7843e2d2cd}</UniqueIdentifier>
    </Filter>
    <Filter Include="Object\Light">
      <UniqueIdentifier>{0cd56cf5-ea21-4063-9669-d7c882f12371}</UniqueIdentifier>
    </Filter>
    <Filter Include="Object\Texture">
      <UniqueIdentifier>{151767d7-53d1-4308-9b4f-7d8ad3ce0834}</UniqueIdentifier>
    </Filter>
  </ItemGroup>
  <ItemGroup>
    <ClCompile Include="..\opengl\src\glad.c">
      <Filter>ThirdPartylib</Filter>
    </ClCompile>
    <ClCompile Include="..\Classes\Framework\GLProgram.cpp">
      <Filter>Framework</Filter>
    </ClCompile>
    <ClCompile Include="..\Classes\Framework\GLShaderProgreamCatch.cpp">
      <Filter>Framework</Filter>
    </ClCompile>
    <ClCompile Include="..\Classes\Framework\RenderPipelineManager.cpp">
      <Filter>Framework</Filter>
    </ClCompile>
    <ClCompile Include="..\Classes\Sence\DefaultSence.cpp">
      <Filter>Sence</Filter>
    </ClCompile>
    <ClCompile Include="..\Classes\Framework\GlMainWindow.cpp">
      <Filter>Framework</Filter>
    </ClCompile>
    <ClCompile Include="..\Classes\Sence\ISence.cpp">
      <Filter>Sence</Filter>
    </ClCompile>
    <ClCompile Include="..\opengl\src\gl3w.c">
      <Filter>ThirdPartylib</Filter>
    </ClCompile>
    <ClCompile Include="..\opengl\glm\detail\glm.cpp">
      <Filter>ThirdPartylib\glm\detil</Filter>
    </ClCompile>
    <ClCompile Include="..\Classes\Camera\Camera.cpp">
      <Filter>Camera</Filter>
    </ClCompile>
    <ClCompile Include="main.cpp" />
    <ClCompile Include="..\Classes\Sence\LightTestSence.cpp">
      <Filter>Sence</Filter>
    </ClCompile>
    <ClCompile Include="..\Classes\Object\Node\ObjectBase.cpp">
      <Filter>Object\Node\Base</Filter>
    </ClCompile>
    <ClCompile Include="..\Classes\Object\Node\Cube.cpp">
      <Filter>Object\Node\Cube</Filter>
    </ClCompile>
    <ClCompile Include="..\Classes\Object\Node\Sprite.cpp">
      <Filter>Object\Node\Sprite</Filter>
    </ClCompile>
    <ClCompile Include="..\Classes\Object\Node\Square.cpp">
      <Filter>Object\Node\Square</Filter>
    </ClCompile>
    <ClCompile Include="..\Classes\Object\Attribute\VertexConfig.cpp">
      <Filter>Object\Attribute\objectAttribute\Vertex</Filter>
    </ClCompile>
    <ClCompile Include="..\Classes\Object\Node\Triangle.cpp">
      <Filter>Object\Node\Triangle</Filter>
    </ClCompile>
    <ClCompile Include="..\Classes\Object\Attribute\Transform.cpp">
      <Filter>Object\Attribute\objectAttribute\Transform</Filter>
    </ClCompile>
    <ClCompile Include="..\Classes\Framework\LightManager.cpp">
      <Filter>Framework</Filter>
    </ClCompile>
    <ClCompile Include="..\Classes\Object\Attribute\Material.cpp">
      <Filter>Object\Attribute\extratAttribute\Material</Filter>
    </ClCompile>
    <ClCompile Include="..\Classes\Utility\TransformAdapter.cpp">
      <Filter>Utility</Filter>
    </ClCompile>
    <ClCompile Include="..\Classes\Object\Node\ObjectDecorator.cpp">
      <Filter>Object\Node\Base</Filter>
    </ClCompile>
    <ClCompile Include="..\Classes\Object\Node\MaterialDecorator.cpp">
      <Filter>Object\Node\Decorator</Filter>
    </ClCompile>
    <ClCompile Include="..\Classes\Object\Node\LightDecorator.cpp">
      <Filter>Object\Node\Decorator</Filter>
    </ClCompile>
    <ClCompile Include="..\Classes\Object\Light\Light.cpp">
      <Filter>Object\Light</Filter>
    </ClCompile>
    <ClCompile Include="..\Classes\Object\Light\ParallelLight.cpp">
      <Filter>Object\Light</Filter>
    </ClCompile>
    <ClCompile Include="..\Classes\Object\Light\PointLight.cpp">
      <Filter>Object\Light</Filter>
    </ClCompile>
    <ClCompile Include="..\Classes\Object\Light\Spotlight.cpp">
      <Filter>Object\Light</Filter>
    </ClCompile>
    <ClCompile Include="..\Classes\Object\Node\TextureDecorator.cpp">
      <Filter>Framework</Filter>
    </ClCompile>
    <ClCompile Include="..\Classes\Object\Texture\Texture2D.cpp">
      <Filter>Object\Texture</Filter>
    </ClCompile>
    <ClCompile Include="..\Classes\Utility\commonFunc.cpp">
      <Filter>Utility</Filter>
    </ClCompile>
  </ItemGroup>
  <ItemGroup>
    <ClInclude Include="..\opengl\include\GLFW\glfw3native.h">
      <Filter>ThirdPartylib</Filter>
    </ClInclude>
    <ClInclude Include="..\opengl\include\GLFW\glfw3.h">
      <Filter>ThirdPartylib</Filter>
    </ClInclude>
    <ClInclude Include="..\opengl\include\stb_image.h">
      <Filter>ThirdPartylib</Filter>
    </ClInclude>
    <ClInclude Include="..\Classes\Framework\GLProgram.h">
      <Filter>Framework</Filter>
    </ClInclude>
    <ClInclude Include="..\Classes\Framework\GLShaderProgreamCatch.h">
      <Filter>Framework</Filter>
    </ClInclude>
    <ClInclude Include="..\Classes\Framework\RenderPipelineManager.h">
      <Filter>Framework</Filter>
    </ClInclude>
    <ClInclude Include="..\Classes\Include\data.h">
      <Filter>Include</Filter>
    </ClInclude>
    <ClInclude Include="..\Classes\Include\GLObject.h">
      <Filter>Include</Filter>
    </ClInclude>
    <ClInclude Include="..\Classes\Include\Include.h">
      <Filter>Include</Filter>
    </ClInclude>
    <ClInclude Include="..\Classes\Include\makeFileInclude.h">
      <Filter>Include</Filter>
    </ClInclude>
    <ClInclude Include="..\Classes\Sence\DefaultSence.h">
      <Filter>Sence</Filter>
    </ClInclude>
    <ClInclude Include="..\Classes\Sence\ISence.h">
      <Filter>Sence</Filter>
    </ClInclude>
    <ClInclude Include="..\Classes\Sence\SenceInclude.h">
      <Filter>Sence</Filter>
    </ClInclude>
    <ClInclude Include="..\Classes\Framework\GlMainWindow.h">
      <Filter>Framework</Filter>
    </ClInclude>
    <ClInclude Include="..\opengl\glm\common.hpp">
      <Filter>ThirdPartylib\glm</Filter>
    </ClInclude>
    <ClInclude Include="..\opengl\glm\exponential.hpp">
      <Filter>ThirdPartylib\glm</Filter>
    </ClInclude>
    <ClInclude Include="..\opengl\glm\ext.hpp">
      <Filter>ThirdPartylib\glm</Filter>
    </ClInclude>
    <ClInclude Include="..\opengl\glm\fwd.hpp">
      <Filter>ThirdPartylib\glm</Filter>
    </ClInclude>
    <ClInclude Include="..\opengl\glm\geometric.hpp">
      <Filter>ThirdPartylib\glm</Filter>
    </ClInclude>
    <ClInclude Include="..\opengl\glm\glm.hpp">
      <Filter>ThirdPartylib\glm</Filter>
    </ClInclude>
    <ClInclude Include="..\opengl\glm\integer.hpp">
      <Filter>ThirdPartylib\glm</Filter>
    </ClInclude>
    <ClInclude Include="..\opengl\glm\mat2x2.hpp">
      <Filter>ThirdPartylib\glm</Filter>
    </ClInclude>
    <ClInclude Include="..\opengl\glm\mat2x3.hpp">
      <Filter>ThirdPartylib\glm</Filter>
    </ClInclude>
    <ClInclude Include="..\opengl\glm\mat2x4.hpp">
      <Filter>ThirdPartylib\glm</Filter>
    </ClInclude>
    <ClInclude Include="..\opengl\glm\mat3x2.hpp">
      <Filter>ThirdPartylib\glm</Filter>
    </ClInclude>
    <ClInclude Include="..\opengl\glm\mat3x3.hpp">
      <Filter>ThirdPartylib\glm</Filter>
    </ClInclude>
    <ClInclude Include="..\opengl\glm\mat3x4.hpp">
      <Filter>ThirdPartylib\glm</Filter>
    </ClInclude>
    <ClInclude Include="..\opengl\glm\mat4x2.hpp">
      <Filter>ThirdPartylib\glm</Filter>
    </ClInclude>
    <ClInclude Include="..\opengl\glm\mat4x3.hpp">
      <Filter>ThirdPartylib\glm</Filter>
    </ClInclude>
    <ClInclude Include="..\opengl\glm\mat4x4.hpp">
      <Filter>ThirdPartylib\glm</Filter>
    </ClInclude>
    <ClInclude Include="..\opengl\glm\matrix.hpp">
      <Filter>ThirdPartylib\glm</Filter>
    </ClInclude>
    <ClInclude Include="..\opengl\glm\packing.hpp">
      <Filter>ThirdPartylib\glm</Filter>
    </ClInclude>
    <ClInclude Include="..\opengl\glm\trigonometric.hpp">
      <Filter>ThirdPartylib\glm</Filter>
    </ClInclude>
    <ClInclude Include="..\opengl\glm\vec2.hpp">
      <Filter>ThirdPartylib\glm</Filter>
    </ClInclude>
    <ClInclude Include="..\opengl\glm\vec3.hpp">
      <Filter>ThirdPartylib\glm</Filter>
    </ClInclude>
    <ClInclude Include="..\opengl\glm\vec4.hpp">
      <Filter>ThirdPartylib\glm</Filter>
    </ClInclude>
    <ClInclude Include="..\opengl\glm\vector_relational.hpp">
      <Filter>ThirdPartylib\glm</Filter>
    </ClInclude>
    <ClInclude Include="..\opengl\glm\detail\_features.hpp">
      <Filter>ThirdPartylib\glm\detil</Filter>
    </ClInclude>
    <ClInclude Include="..\opengl\glm\detail\_fixes.hpp">
      <Filter>ThirdPartylib\glm\detil</Filter>
    </ClInclude>
    <ClInclude Include="..\opengl\glm\detail\_noise.hpp">
      <Filter>ThirdPartylib\glm\detil</Filter>
    </ClInclude>
    <ClInclude Include="..\opengl\glm\detail\_swizzle.hpp">
      <Filter>ThirdPartylib\glm\detil</Filter>
    </ClInclude>
    <ClInclude Include="..\opengl\glm\detail\_swizzle_func.hpp">
      <Filter>ThirdPartylib\glm\detil</Filter>
    </ClInclude>
    <ClInclude Include="..\opengl\glm\detail\_vectorize.hpp">
      <Filter>ThirdPartylib\glm\detil</Filter>
    </ClInclude>
    <ClInclude Include="..\opengl\glm\detail\compute_common.hpp">
      <Filter>ThirdPartylib\glm\detil</Filter>
    </ClInclude>
    <ClInclude Include="..\opengl\glm\detail\compute_vector_relational.hpp">
      <Filter>ThirdPartylib\glm\detil</Filter>
    </ClInclude>
    <ClInclude Include="..\opengl\glm\detail\qualifier.hpp">
      <Filter>ThirdPartylib\glm\detil</Filter>
    </ClInclude>
    <ClInclude Include="..\opengl\glm\detail\setup.hpp">
      <Filter>ThirdPartylib\glm\detil</Filter>
    </ClInclude>
    <ClInclude Include="..\opengl\glm\detail\type_float.hpp">
      <Filter>ThirdPartylib\glm\detil</Filter>
    </ClInclude>
    <ClInclude Include="..\opengl\glm\detail\type_half.hpp">
      <Filter>ThirdPartylib\glm\detil</Filter>
    </ClInclude>
    <ClInclude Include="..\opengl\glm\detail\type_mat2x2.hpp">
      <Filter>ThirdPartylib\glm\detil</Filter>
    </ClInclude>
    <ClInclude Include="..\opengl\glm\detail\type_mat2x3.hpp">
      <Filter>ThirdPartylib\glm\detil</Filter>
    </ClInclude>
    <ClInclude Include="..\opengl\glm\detail\type_mat2x4.hpp">
      <Filter>ThirdPartylib\glm\detil</Filter>
    </ClInclude>
    <ClInclude Include="..\opengl\glm\detail\type_mat3x2.hpp">
      <Filter>ThirdPartylib\glm\detil</Filter>
    </ClInclude>
    <ClInclude Include="..\opengl\glm\detail\type_mat3x3.hpp">
      <Filter>ThirdPartylib\glm\detil</Filter>
    </ClInclude>
    <ClInclude Include="..\opengl\glm\detail\type_mat3x4.hpp">
      <Filter>ThirdPartylib\glm\detil</Filter>
    </ClInclude>
    <ClInclude Include="..\opengl\glm\detail\type_mat4x2.hpp">
      <Filter>ThirdPartylib\glm\detil</Filter>
    </ClInclude>
    <ClInclude Include="..\opengl\glm\detail\type_mat4x3.hpp">
      <Filter>ThirdPartylib\glm\detil</Filter>
    </ClInclude>
    <ClInclude Include="..\opengl\glm\detail\type_mat4x4.hpp">
      <Filter>ThirdPartylib\glm\detil</Filter>
    </ClInclude>
    <ClInclude Include="..\opengl\glm\detail\type_quat.hpp">
      <Filter>ThirdPartylib\glm\detil</Filter>
    </ClInclude>
    <ClInclude Include="..\opengl\glm\detail\type_vec1.hpp">
      <Filter>ThirdPartylib\glm\detil</Filter>
    </ClInclude>
    <ClInclude Include="..\opengl\glm\detail\type_vec2.hpp">
      <Filter>ThirdPartylib\glm\detil</Filter>
    </ClInclude>
    <ClInclude Include="..\opengl\glm\detail\type_vec3.hpp">
      <Filter>ThirdPartylib\glm\detil</Filter>
    </ClInclude>
    <ClInclude Include="..\opengl\glm\detail\type_vec4.hpp">
      <Filter>ThirdPartylib\glm\detil</Filter>
    </ClInclude>
    <ClInclude Include="..\Classes\Utility\glmath\vec\glvec3.hpp">
      <Filter>Utility\glmath\vec</Filter>
    </ClInclude>
    <ClInclude Include="..\Classes\Utility\glmath\vec\glvecMathEx.hpp">
      <Filter>Utility\glmath\vec</Filter>
    </ClInclude>
    <ClInclude Include="..\Classes\Utility\glmath\vec\glvec2.hpp">
      <Filter>Utility\glmath\vec</Filter>
    </ClInclude>
    <ClInclude Include="..\Classes\Utility\glmath\matrix\glmatrix4x4.hpp">
      <Filter>Utility\glmath\matrix</Filter>
    </ClInclude>
    <ClInclude Include="..\Classes\Utility\glmath\matrix\glmatrix2x2.hpp">
      <Filter>Utility\glmath\matrix</Filter>
    </ClInclude>
    <ClInclude Include="..\Classes\Utility\glmath\matrix\glmatrix3x3.hpp">
      <Filter>Utility\glmath\matrix</Filter>
    </ClInclude>
    <ClInclude Include="..\Classes\Utility\glmath\glmathlib.h">
      <Filter>Utility\glmath</Filter>
    </ClInclude>
    <ClInclude Include="..\Classes\Framework\ShaderDefaultValue.h">
      <Filter>Framework</Filter>
    </ClInclude>
    <ClInclude Include="..\Classes\Utility\glmath\matrix\glmatrixTrans.hpp">
      <Filter>Utility\glmath\matrix</Filter>
    </ClInclude>
    <ClInclude Include="..\Classes\Utility\glmath\vec\glvec4.hpp">
      <Filter>Utility\glmath\vec</Filter>
    </ClInclude>
    <ClInclude Include="..\Classes\Utility\glmath\gl_math_template.h">
      <Filter>Utility\glmath</Filter>
    </ClInclude>
    <ClInclude Include="..\Classes\Camera\Camera.h">
      <Filter>Camera</Filter>
    </ClInclude>
    <ClInclude Include="..\Classes\Sence\LightTestSence.h">
      <Filter>Sence</Filter>
    </ClInclude>
    <ClInclude Include="..\Classes\Utility\structs\graphics.hpp">
      <Filter>Utility\structs</Filter>
    </ClInclude>
    <ClInclude Include="..\Classes\Object\Attribute\AttributeModule.h">
      <Filter>Object\Attribute</Filter>
    </ClInclude>
    <ClInclude Include="..\Classes\Object\Node\ObjectBase.h">
      <Filter>Object\Node\Base</Filter>
    </ClInclude>
    <ClInclude Include="..\Classes\Object\Node\Cube.h">
      <Filter>Object\Node\Cube</Filter>
    </ClInclude>
    <ClInclude Include="..\Classes\Object\Node\Sprite.h">
      <Filter>Object\Node\Sprite</Filter>
    </ClInclude>
    <ClInclude Include="..\Classes\Object\Node\Square.h">
      <Filter>Object\Node\Square</Filter>
    </ClInclude>
    <ClInclude Include="..\Classes\Object\Attribute\VertexConfig.h">
      <Filter>Object\Attribute\objectAttribute\Vertex</Filter>
    </ClInclude>
    <ClInclude Include="..\Classes\Object\Node\Triangle.h">
      <Filter>Object\Node\Triangle</Filter>
    </ClInclude>
    <ClInclude Include="..\Classes\Object\Attribute\Transform.h">
      <Filter>Object\Attribute\objectAttribute\Transform</Filter>
    </ClInclude>
    <ClInclude Include="..\Classes\Framework\LightManager.h">
      <Filter>Framework</Filter>
    </ClInclude>
    <ClInclude Include="..\Classes\Object\Attribute\Material.h">
      <Filter>Object\Attribute\extratAttribute\Material</Filter>
    </ClInclude>
    <ClInclude Include="..\Classes\Utility\TransformAdapter.h">
      <Filter>Utility</Filter>
    </ClInclude>
    <ClInclude Include="..\Classes\Object\Node\ObjectDecorator.h">
      <Filter>Object\Node\Base</Filter>
    </ClInclude>
    <ClInclude Include="..\Classes\Object\Node\MaterialDecorator.h">
      <Filter>Object\Node\Decorator</Filter>
    </ClInclude>
    <ClInclude Include="..\Classes\Object\Node\LightDecorator.h">
      <Filter>Object\Node\Decorator</Filter>
    </ClInclude>
    <ClInclude Include="..\Classes\Object\Light\ParallelLight.h">
      <Filter>Object\Light</Filter>
    </ClInclude>
    <ClInclude Include="..\Classes\Object\Light\Light.h">
      <Filter>Object\Light</Filter>
    </ClInclude>
    <ClInclude Include="..\Classes\Object\Light\PointLight.h">
      <Filter>Object\Light</Filter>
    </ClInclude>
    <ClInclude Include="..\Classes\Object\Light\Spotlight.h">
      <Filter>Object\Light</Filter>
    </ClInclude>
    <ClInclude Include="..\Classes\Object\Texture\Texture2D.h">
      <Filter>Object\Texture</Filter>
    </ClInclude>
    <ClInclude Include="..\Classes\Utility\commonFunc.h">
      <Filter>Utility</Filter>
    </ClInclude>
  </ItemGroup>
  <ItemGroup>
    <Text Include="..\opengl\glm\CMakeLists.txt">
      <Filter>ThirdPartylib\glm</Filter>
    </Text>
    <Text Include="log.txt" />
    <Text Include="需求功能记录.txt" />
  </ItemGroup>
  <ItemGroup>
    <None Include="..\opengl\glm\detail\func_common.inl">
      <Filter>ThirdPartylib\glm\detil</Filter>
    </None>
    <None Include="..\opengl\glm\detail\func_common_simd.inl">
      <Filter>ThirdPartylib\glm\detil</Filter>
    </None>
    <None Include="..\opengl\glm\detail\func_exponential.inl">
      <Filter>ThirdPartylib\glm\detil</Filter>
    </None>
    <None Include="..\opengl\glm\detail\func_exponential_simd.inl">
      <Filter>ThirdPartylib\glm\detil</Filter>
    </None>
    <None Include="..\opengl\glm\detail\func_geometric.inl">
      <Filter>ThirdPartylib\glm\detil</Filter>
    </None>
    <None Include="..\opengl\glm\detail\func_geometric_simd.inl">
      <Filter>ThirdPartylib\glm\detil</Filter>
    </None>
    <None Include="..\opengl\glm\detail\func_integer.inl">
      <Filter>ThirdPartylib\glm\detil</Filter>
    </None>
    <None Include="..\opengl\glm\detail\func_integer_simd.inl">
      <Filter>ThirdPartylib\glm\detil</Filter>
    </None>
    <None Include="..\opengl\glm\detail\func_matrix.inl">
      <Filter>ThirdPartylib\glm\detil</Filter>
    </None>
    <None Include="..\opengl\glm\detail\func_matrix_simd.inl">
      <Filter>ThirdPartylib\glm\detil</Filter>
    </None>
    <None Include="..\opengl\glm\detail\func_packing.inl">
      <Filter>ThirdPartylib\glm\detil</Filter>
    </None>
    <None Include="..\opengl\glm\detail\func_packing_simd.inl">
      <Filter>ThirdPartylib\glm\detil</Filter>
    </None>
    <None Include="..\opengl\glm\detail\func_trigonometric.inl">
      <Filter>ThirdPartylib\glm\detil</Filter>
    </None>
    <None Include="..\opengl\glm\detail\func_trigonometric_simd.inl">
      <Filter>ThirdPartylib\glm\detil</Filter>
    </None>
    <None Include="..\opengl\glm\detail\func_vector_relational.inl">
      <Filter>ThirdPartylib\glm\detil</Filter>
    </None>
    <None Include="..\opengl\glm\detail\func_vector_relational_simd.inl">
      <Filter>ThirdPartylib\glm\detil</Filter>
    </None>
    <None Include="..\opengl\glm\detail\type_half.inl">
      <Filter>ThirdPartylib\glm\detil</Filter>
    </None>
    <None Include="..\opengl\glm\detail\type_mat2x2.inl">
      <Filter>ThirdPartylib\glm\detil</Filter>
    </None>
    <None Include="..\opengl\glm\detail\type_mat2x3.inl">
      <Filter>ThirdPartylib\glm\detil</Filter>
    </None>
    <None Include="..\opengl\glm\detail\type_mat2x4.inl">
      <Filter>ThirdPartylib\glm\detil</Filter>
    </None>
    <None Include="..\opengl\glm\detail\type_mat3x2.inl">
      <Filter>ThirdPartylib\glm\detil</Filter>
    </None>
    <None Include="..\opengl\glm\detail\type_mat3x3.inl">
      <Filter>ThirdPartylib\glm\detil</Filter>
    </None>
    <None Include="..\opengl\glm\detail\type_mat3x4.inl">
      <Filter>ThirdPartylib\glm\detil</Filter>
    </None>
    <None Include="..\opengl\glm\detail\type_mat4x2.inl">
      <Filter>ThirdPartylib\glm\detil</Filter>
    </None>
    <None Include="..\opengl\glm\detail\type_mat4x3.inl">
      <Filter>ThirdPartylib\glm\detil</Filter>
    </None>
    <None Include="..\opengl\glm\detail\type_mat4x4.inl">
      <Filter>ThirdPartylib\glm\detil</Filter>
    </None>
    <None Include="..\opengl\glm\detail\type_mat4x4_simd.inl">
      <Filter>ThirdPartylib\glm\detil</Filter>
    </None>
    <None Include="..\opengl\glm\detail\type_quat.inl">
      <Filter>ThirdPartylib\glm\detil</Filter>
    </None>
    <None Include="..\opengl\glm\detail\type_quat_simd.inl">
      <Filter>ThirdPartylib\glm\detil</Filter>
    </None>
    <None Include="..\opengl\glm\detail\type_vec1.inl">
      <Filter>ThirdPartylib\glm\detil</Filter>
    </None>
    <None Include="..\opengl\glm\detail\type_vec2.inl">
      <Filter>ThirdPartylib\glm\detil</Filter>
    </None>
    <None Include="..\opengl\glm\detail\type_vec3.inl">
      <Filter>ThirdPartylib\glm\detil</Filter>
    </None>
    <None Include="..\opengl\glm\detail\type_vec4.inl">
      <Filter>ThirdPartylib\glm\detil</Filter>
    </None>
    <None Include="..\opengl\glm\detail\type_vec4_simd.inl">
      <Filter>ThirdPartylib\glm\detil</Filter>
    </None>
    <None Include="..\Classes\Utility\glmath\vec\glvec3.inl">
      <Filter>Utility\glmath\vec</Filter>
    </None>
    <None Include="..\Classes\Utility\glmath\vec\glvec4.inl">
      <Filter>Utility\glmath\vec</Filter>
    </None>
    <None Include="..\Classes\Utility\glmath\vec\glvec2.inl">
      <Filter>Utility\glmath\vec</Filter>
    </None>
    <None Include="..\Classes\Utility\glmath\matrix\glmatrix2x2.inl">
      <Filter>Utility\glmath\matrix</Filter>
    </None>
    <None Include="..\Classes\Utility\glmath\matrix\glmatrix4x4.inl">
      <Filter>Utility\glmath\matrix</Filter>
    </None>
    <None Include="..\Classes\Utility\glmath\matrix\glmatrix3x3.inl">
      <Filter>Utility\glmath\matrix</Filter>
    </None>
    <None Include="..\Classes\Utility\glmath\gl_math_template.inl">
      <Filter>Utility\glmath</Filter>
    </None>
  </ItemGroup>
</Project>