<?xml version="1.0" encoding="utf-8"?>
<Project ToolsVersion="4.0" xmlns="http://schemas.microsoft.com/developer/msbuild/2003">
  <ItemGroup>
    <Filter Include="ThirdPartylib">
      <UniqueIdentifier>{b186e410-f2ef-48df-9094-f14b23b67037}</UniqueIdentifier>
    </Filter>
    <Filter Include="Include">
      <UniqueIdentifier>{93995380-89BD-4b04-88EB-625FBE52EBFB}</UniqueIdentifier>
      <Extensions>h;hh;hpp;hxx;hm;inl;inc;ipp;xsd</Extensions>
    </Filter>
    <Filter Include="Framework">
      <UniqueIdentifier>{4FC737F1-C7A5-4376-A066-2A32D752A2FF}</UniqueIdentifier>
      <Extensions>cpp;c;cc;cxx;def;odl;idl;hpj;bat;asm;asmx</Extensions>
    </Filter>
    <Filter Include="Utility">
      <UniqueIdentifier>{82e9360f-07fa-41de-a2a4-ea305326fcde}</UniqueIdentifier>
    </Filter>
    <Filter Include="Sence">
      <UniqueIdentifier>{585b8c6c-fc1d-438f-9d98-e1764581efc1}</UniqueIdentifier>
    </Filter>
    <Filter Include="Object">
      <UniqueIdentifier>{834c467b-4368-43e5-b14a-69bdf0528929}</UniqueIdentifier>
    </Filter>
    <Filter Include="Object\Base">
      <UniqueIdentifier>{310e7dfe-c6c1-4427-b1ad-85924be5b09a}</UniqueIdentifier>
    </Filter>
    <Filter Include="Object\Cube">
      <UniqueIdentifier>{6ea0df90-55fd-42ed-bce3-3eaaa798f335}</UniqueIdentifier>
    </Filter>
    <Filter Include="Object\Square">
      <UniqueIdentifier>{4415fec4-ff49-4069-9ed4-d6cc262be793}</UniqueIdentifier>
    </Filter>
    <Filter Include="Object\Triangle">
      <UniqueIdentifier>{80a366b0-dd3a-42cf-8c49-9e85c171ae78}</UniqueIdentifier>
    </Filter>
    <Filter Include="Object\Sprite">
      <UniqueIdentifier>{f61d1b39-0442-426c-b41b-4553494bdd2f}</UniqueIdentifier>
    </Filter>
    <Filter Include="Object\Vertex">
      <UniqueIdentifier>{88748b06-3c0b-44b9-8101-c2bbc6a0f5fc}</UniqueIdentifier>
    </Filter>
    <Filter Include="Object\Texture">
      <UniqueIdentifier>{151767d7-53d1-4308-9b4f-7d8ad3ce0834}</UniqueIdentifier>
    </Filter>
    <Filter Include="Utility\Matrix">
      <UniqueIdentifier>{6ce67bb5-be55-481c-8673-d7aa8cbd155e}</UniqueIdentifier>
    </Filter>
    <Filter Include="Utility\Vec">
      <UniqueIdentifier>{afe5e949-fd6f-41ec-9ebb-5f8902e98bf8}</UniqueIdentifier>
    </Filter>
  </ItemGroup>
  <ItemGroup>
    <ClCompile Include="..\opengl\src\glad.c">
      <Filter>ThirdPartylib</Filter>
    </ClCompile>
    <ClCompile Include="main_old.cpp">
      <Filter>Framework</Filter>
    </ClCompile>
    <ClCompile Include="main.cpp">
      <Filter>Framework</Filter>
    </ClCompile>
    <ClCompile Include="..\Classes\Framework\GLProgram.cpp">
      <Filter>Framework</Filter>
    </ClCompile>
    <ClCompile Include="..\Classes\Framework\GLShaderProgreamCatch.cpp">
      <Filter>Framework</Filter>
    </ClCompile>
    <ClCompile Include="..\Classes\Framework\RenderPipelineManager.cpp">
      <Filter>Framework</Filter>
    </ClCompile>
    <ClCompile Include="..\Classes\Object\ObjectBase.cpp">
      <Filter>Object\Base</Filter>
    </ClCompile>
    <ClCompile Include="..\Classes\Object\Square.cpp">
      <Filter>Object\Square</Filter>
    </ClCompile>
    <ClCompile Include="..\Classes\Sence\DefaultSence.cpp">
      <Filter>Sence</Filter>
    </ClCompile>
    <ClCompile Include="..\Classes\Framework\GlMainWindow.cpp">
      <Filter>Framework</Filter>
    </ClCompile>
    <ClCompile Include="..\Classes\Object\Triangle.cpp">
      <Filter>Object\Triangle</Filter>
    </ClCompile>
    <ClCompile Include="..\Classes\Sence\ISence.cpp">
      <Filter>Sence</Filter>
    </ClCompile>
    <ClCompile Include="..\Classes\Object\Sprite.cpp">
      <Filter>Object\Sprite</Filter>
    </ClCompile>
    <ClCompile Include="..\Classes\Object\Cube.cpp">
      <Filter>Object\Cube</Filter>
    </ClCompile>
    <ClCompile Include="..\Classes\Object\VertexConfig.cpp">
      <Filter>Object\Vertex</Filter>
    </ClCompile>
    <ClCompile Include="..\Classes\Object\Texture.cpp">
      <Filter>Object\Texture</Filter>
    </ClCompile>
    <ClCompile Include="..\opengl\src\gl3w.c">
      <Filter>ThirdPartylib</Filter>
    </ClCompile>
  </ItemGroup>
  <ItemGroup>
    <ClInclude Include="..\opengl\include\GLFW\glfw3native.h">
      <Filter>ThirdPartylib</Filter>
    </ClInclude>
    <ClInclude Include="..\opengl\include\GLFW\glfw3.h">
      <Filter>ThirdPartylib</Filter>
    </ClInclude>
    <ClInclude Include="..\opengl\include\stb_image.h">
      <Filter>ThirdPartylib</Filter>
    </ClInclude>
    <ClInclude Include="..\Classes\Framework\GLProgram.h">
      <Filter>Framework</Filter>
    </ClInclude>
    <ClInclude Include="..\Classes\Framework\GLShaderProgreamCatch.h">
      <Filter>Framework</Filter>
    </ClInclude>
    <ClInclude Include="..\Classes\Framework\RenderPipelineManager.h">
      <Filter>Framework</Filter>
    </ClInclude>
    <ClInclude Include="..\Classes\Include\data.h">
      <Filter>Include</Filter>
    </ClInclude>
    <ClInclude Include="..\Classes\Include\GLObject.h">
      <Filter>Include</Filter>
    </ClInclude>
    <ClInclude Include="..\Classes\Include\Include.h">
      <Filter>Include</Filter>
    </ClInclude>
    <ClInclude Include="..\Classes\Include\makeFileInclude.h">
      <Filter>Include</Filter>
    </ClInclude>
    <ClInclude Include="..\Classes\Object\ObjectBase.h">
      <Filter>Object\Base</Filter>
    </ClInclude>
    <ClInclude Include="..\Classes\Object\Square.h">
      <Filter>Object\Square</Filter>
    </ClInclude>
    <ClInclude Include="..\Classes\Sence\DefaultSence.h">
      <Filter>Sence</Filter>
    </ClInclude>
    <ClInclude Include="..\Classes\Sence\ISence.h">
      <Filter>Sence</Filter>
    </ClInclude>
    <ClInclude Include="..\Classes\Sence\SenceInclude.h">
      <Filter>Sence</Filter>
    </ClInclude>
    <ClInclude Include="..\Classes\Object\Vertexs_Data.h">
      <Filter>Object\Base</Filter>
    </ClInclude>
    <ClInclude Include="..\Classes\Utility\CustomUtilityTool.h">
      <Filter>Utility</Filter>
    </ClInclude>
    <ClInclude Include="..\Classes\Framework\GlMainWindow.h">
      <Filter>Framework</Filter>
    </ClInclude>
    <ClInclude Include="..\Classes\Object\Triangle.h">
      <Filter>Object\Triangle</Filter>
    </ClInclude>
    <ClInclude Include="..\Classes\Object\Sprite.h">
      <Filter>Object\Sprite</Filter>
    </ClInclude>
    <ClInclude Include="..\Classes\Object\Cube.h">
      <Filter>Object\Cube</Filter>
    </ClInclude>
    <ClInclude Include="..\Classes\Object\VertexConfig.h">
      <Filter>Object\Vertex</Filter>
    </ClInclude>
    <ClInclude Include="..\Classes\Object\Texture.h">
      <Filter>Object\Texture</Filter>
    </ClInclude>
    <ClInclude Include="..\Classes\Camera\Camera.h">
      <Filter>Include</Filter>
    </ClInclude>
    <ClInclude Include="..\Classes\Utility\Matrix\Matrix.h">
      <Filter>Utility\Matrix</Filter>
    </ClInclude>
    <ClInclude Include="..\Classes\Utility\Vector\Vec3.h">
      <Filter>Utility\Vec</Filter>
    </ClInclude>
  </ItemGroup>
</Project>